
Microsoft Visual Studio Solution File, Format Version 12.00
# Visual Studio Version 16
VisualStudioVersion = 25.0.1705.6
MinimumVisualStudioVersion = 10.0.40219.1
Project("{FAE04EC0-301F-11D3-BF4B-00C04F79EFBC}") = "RankingApp", "RankingApp.csproj", "{970114B5-0DEF-4FFD-B20E-DA667932136C}"
EndProject
Global
	GlobalSection(SolutionConfigurationPlatforms) = preSolution
		Debug|Any CPU = Debug|Any CPU
		Release|Any CPU = Release|Any CPU
	EndGlobalSection
	GlobalSection(ProjectConfigurationPlatforms) = postSolution
		{970114B5-0DEF-4FFD-B20E-DA667932136C}.Debug|Any CPU.ActiveCfg = Debug|Any CPU
		{970114B5-0DEF-4FFD-B20E-DA667932136C}.Debug|Any CPU.Build.0 = Debug|Any CPU
		{970114B5-0DEF-4FFD-B20E-DA667932136C}.Release|Any CPU.ActiveCfg = Release|Any CPU
		{970114B5-0DEF-4FFD-B20E-DA667932136C}.Release|Any CPU.Build.0 = Release|Any CPU
	EndGlobalSection
	GlobalSection(SolutionProperties) = preSolution
		HideSolutionNode = FALSE
	EndGlobalSection
	GlobalSection(ExtensibilityGlobals) = postSolution
		SolutionGuid = {57F97881-B385-42C3-8F4E-131760AA5163}
	EndGlobalSection
EndGlobal
